
Microsoft Visual Studio Solution File, Format Version 12.00
# Visual Studio Version 17
VisualStudioVersion = 17.9.34728.123
MinimumVisualStudioVersion = 10.0.40219.1
Project("{FAE04EC0-301F-11D3-BF4B-00C04F79EFBC}") = "BoulevardOfBrokenDreams", "BoulevardOfBrokenDreams\BoulevardOfBrokenDreams.csproj", "{80E01077-E437-4A3B-B3B0-C12F80DF4FC1}"
EndProject
Global
	GlobalSection(SolutionConfigurationPlatforms) = preSolution
		Debug|Any CPU = Debug|Any CPU
		Release|Any CPU = Release|Any CPU
	EndGlobalSection
	GlobalSection(ProjectConfigurationPlatforms) = postSolution
		{80E01077-E437-4A3B-B3B0-C12F80DF4FC1}.Debug|Any CPU.ActiveCfg = Debug|Any CPU
		{80E01077-E437-4A3B-B3B0-C12F80DF4FC1}.Debug|Any CPU.Build.0 = Debug|Any CPU
		{80E01077-E437-4A3B-B3B0-C12F80DF4FC1}.Release|Any CPU.ActiveCfg = Release|Any CPU
		{80E01077-E437-4A3B-B3B0-C12F80DF4FC1}.Release|Any CPU.Build.0 = Release|Any CPU
	EndGlobalSection
	GlobalSection(SolutionProperties) = preSolution
		HideSolutionNode = FALSE
	EndGlobalSection
	GlobalSection(ExtensibilityGlobals) = postSolution
		SolutionGuid = {337C3E3B-C86C-4C25-8561-F5632A16E826}
	EndGlobalSection
EndGlobal
